
Microsoft Visual Studio Solution File, Format Version 9.00
# Visual Studio 2005
Project("{8BC9CEB8-8B4A-11D0-8D11-00A0C91BC942}") = "test_blink", "test_blink\test_blink.vcproj", "{C32D077E-6F4E-4C57-B7D4-28EC53192FC7}"
EndProject
Global
	GlobalSection(SolutionConfigurationPlatforms) = preSolution
		Debug|Win32 = Debug|Win32
		Release|Win32 = Release|Win32
	EndGlobalSection
	GlobalSection(ProjectConfigurationPlatforms) = postSolution
		{C32D077E-6F4E-4C57-B7D4-28EC53192FC7}.Debug|Win32.ActiveCfg = Debug|Win32
		{C32D077E-6F4E-4C57-B7D4-28EC53192FC7}.Debug|Win32.Build.0 = Debug|Win32
		{C32D077E-6F4E-4C57-B7D4-28EC53192FC7}.Release|Win32.ActiveCfg = Release|Win32
		{C32D077E-6F4E-4C57-B7D4-28EC53192FC7}.Release|Win32.Build.0 = Release|Win32
	EndGlobalSection
	GlobalSection(SolutionProperties) = preSolution
		HideSolutionNode = FALSE
	EndGlobalSection
EndGlobal
